
Microsoft Visual Studio Solution File, Format Version 12.00
# Visual Studio 2012
Project("{8BC9CEB9-8B4A-11D0-8D11-00A0C91BC942}") = "SimpleSQL_Editor", "SimpleSQL_Editor.dll", "{74B3E2EF-3B72-4710-A1B1-FBA3C64B5C33}"
	ProjectSection(MonoDevelopProperties) = preProject
		name = SimpleSQL_Editor
		Configurations = $0
		$0.Configuration = $1
		$1.name = Default
		$1.OutputPath = .\
		$1.ctype = ProjectConfiguration
	EndProjectSection
EndProject
Global
	GlobalSection(SolutionConfigurationPlatforms) = preSolution
		Default|Any CPU = Default|Any CPU
	EndGlobalSection
	GlobalSection(ProjectConfigurationPlatforms) = postSolution
		{74B3E2EF-3B72-4710-A1B1-FBA3C64B5C33}.Default|Any CPU.ActiveCfg = Default|Any CPU
		{74B3E2EF-3B72-4710-A1B1-FBA3C64B5C33}.Default|Any CPU.Build.0 = Default|Any CPU
	EndGlobalSection
EndGlobal
